{
  "nodes": {
    "mnw": {
      "locked": {
        "lastModified": 1764066817,
        "narHash": "sha256-iQ45IBZXKgMpV9x6RxZfGm6hzRzfVpKo7gWV0VHLmlE=",
        "owner": "Gerg-L",
        "repo": "mnw",
        "rev": "68a22f62ca7623fcb700d4ebf225bd91125c773e",
        "type": "github"
      },
      "original": {
        "owner": "Gerg-L",
        "repo": "mnw",
        "type": "github"
      }
    },
    "nixpkgs": {
      "locked": {
        "lastModified": 1764283986,
        "narHash": "sha256-I/NXrCzpiTbeFshHyVKpXRitLXndmS67QGSCIF4M34Q=",
        "owner": "NixOS",
        "repo": "nixpkgs",
        "rev": "ff335ced3ea3c449a848741de9d59f3f02b0a774",
        "type": "github"
      },
      "original": {
        "owner": "NixOS",
        "repo": "nixpkgs",
        "rev": "ff335ced3ea3c449a848741de9d59f3f02b0a774",
        "type": "github"
      }
    },
    "root": {
      "inputs": {
        "mnw": "mnw",
        "nixpkgs": "nixpkgs"
      }
    }
  },
  "root": "root",
  "version": 7
}
