{
  "nodes": {
    "mnw": {
      "locked": {
        "lastModified": 1764066817,
        "narHash": "sha256-iQ45IBZXKgMpV9x6RxZfGm6hzRzfVpKo7gWV0VHLmlE=",
        "owner": "Gerg-L",
        "repo": "mnw",
        "rev": "68a22f62ca7623fcb700d4ebf225bd91125c773e",
        "type": "github"
      },
      "original": {
        "owner": "Gerg-L",
        "repo": "mnw",
        "type": "github"
      }
    },
    "nixpkgs": {
      "locked": {
        "lastModified": 1764242076,
        "narHash": "sha256-sKoIWfnijJ0+9e4wRvIgm/HgE27bzwQxcEmo2J/gNpI=",
        "owner": "NixOS",
        "repo": "nixpkgs",
        "rev": "2fad6eac6077f03fe109c4d4eb171cf96791faa4",
        "type": "github"
      },
      "original": {
        "owner": "NixOS",
        "ref": "nixos-unstable",
        "repo": "nixpkgs",
        "type": "github"
      }
    },
    "root": {
      "inputs": {
        "mnw": "mnw",
        "nixpkgs": "nixpkgs"
      }
    }
  },
  "root": "root",
  "version": 7
}
